
Microsoft Visual Studio Solution File, Format Version 12.00
# Visual Studio 15
VisualStudioVersion = 15.0.28307.168
MinimumVisualStudioVersion = 10.0.40219.1
Project("{8BC9CEB8-8B4A-11D0-8D11-00A0C91BC942}") = "C++Advanced Exercise 1", "C++Advanced Exercise 1\C++Advanced Exercise 1.vcxproj", "{6553554B-73E6-49A0-87DD-3CD26E0453B9}"
EndProject
Project("{8BC9CEB8-8B4A-11D0-8D11-00A0C91BC942}") = "C++Advanced Exercise 2", "C++Advanced Exercise 2\C++Advanced Exercise 2.vcxproj", "{18F820F9-AA7E-488D-875C-67E37151964A}"
EndProject
Project("{8BC9CEB8-8B4A-11D0-8D11-00A0C91BC942}") = "C++Advanced Exercise 3", "C++Advanced Exercise 3\C++Advanced Exercise 3.vcxproj", "{0E4A01ED-92C0-4A4A-9F17-9E6FC0ACE082}"
EndProject
Project("{8BC9CEB8-8B4A-11D0-8D11-00A0C91BC942}") = "C++Advanced Exercise 4", "C++Advanced Exercise 4\C++Advanced Exercise 4.vcxproj", "{376B7EAF-020E-4682-8E8E-FF90A89E5825}"
EndProject
Project("{8BC9CEB8-8B4A-11D0-8D11-00A0C91BC942}") = "C++Advanced Exercise 5", "C++Advanced Exercise 5\C++Advanced Exercise 5.vcxproj", "{1A2F1479-72FD-48E7-B4B7-511889EB4110}"
EndProject
Project("{8BC9CEB8-8B4A-11D0-8D11-00A0C91BC942}") = "C++Advanced Exercise 6", "C++Advanced Exercise 6\C++Advanced Exercise 6.vcxproj", "{94F9E842-4283-4005-984A-FB52A56ACA96}"
EndProject
Project("{8BC9CEB8-8B4A-11D0-8D11-00A0C91BC942}") = "C++Advanced Exercise 7", "C++Advanced Exercise 7\C++Advanced Exercise 7.vcxproj", "{CFCEA7EF-D4BE-4AB2-94AA-9A6CA1295AF5}"
EndProject
Project("{8BC9CEB8-8B4A-11D0-8D11-00A0C91BC942}") = "C++Advanced Exercise 8", "C++Advanced Exercise 8\C++Advanced Exercise 8.vcxproj", "{1E0A49C1-42BD-4CF4-A5BF-F8EEC013A637}"
EndProject
Project("{8BC9CEB8-8B4A-11D0-8D11-00A0C91BC942}") = "C++Advanced Exercise 9", "C++Advanced Exercise 9\C++Advanced Exercise 9.vcxproj", "{57116122-1623-450B-B844-4D94D6E817DE}"
EndProject
Global
	GlobalSection(SolutionConfigurationPlatforms) = preSolution
		Debug|x64 = Debug|x64
		Debug|x86 = Debug|x86
		Release|x64 = Release|x64
		Release|x86 = Release|x86
	EndGlobalSection
	GlobalSection(ProjectConfigurationPlatforms) = postSolution
		{6553554B-73E6-49A0-87DD-3CD26E0453B9}.Debug|x64.ActiveCfg = Debug|x64
		{6553554B-73E6-49A0-87DD-3CD26E0453B9}.Debug|x64.Build.0 = Debug|x64
		{6553554B-73E6-49A0-87DD-3CD26E0453B9}.Debug|x86.ActiveCfg = Debug|Win32
		{6553554B-73E6-49A0-87DD-3CD26E0453B9}.Debug|x86.Build.0 = Debug|Win32
		{6553554B-73E6-49A0-87DD-3CD26E0453B9}.Release|x64.ActiveCfg = Release|x64
		{6553554B-73E6-49A0-87DD-3CD26E0453B9}.Release|x64.Build.0 = Release|x64
		{6553554B-73E6-49A0-87DD-3CD26E0453B9}.Release|x86.ActiveCfg = Release|Win32
		{6553554B-73E6-49A0-87DD-3CD26E0453B9}.Release|x86.Build.0 = Release|Win32
		{18F820F9-AA7E-488D-875C-67E37151964A}.Debug|x64.ActiveCfg = Debug|x64
		{18F820F9-AA7E-488D-875C-67E37151964A}.Debug|x64.Build.0 = Debug|x64
		{18F820F9-AA7E-488D-875C-67E37151964A}.Debug|x86.ActiveCfg = Debug|Win32
		{18F820F9-AA7E-488D-875C-67E37151964A}.Debug|x86.Build.0 = Debug|Win32
		{18F820F9-AA7E-488D-875C-67E37151964A}.Release|x64.ActiveCfg = Release|x64
		{18F820F9-AA7E-488D-875C-67E37151964A}.Release|x64.Build.0 = Release|x64
		{18F820F9-AA7E-488D-875C-67E37151964A}.Release|x86.ActiveCfg = Release|Win32
		{18F820F9-AA7E-488D-875C-67E37151964A}.Release|x86.Build.0 = Release|Win32
		{0E4A01ED-92C0-4A4A-9F17-9E6FC0ACE082}.Debug|x64.ActiveCfg = Debug|x64
		{0E4A01ED-92C0-4A4A-9F17-9E6FC0ACE082}.Debug|x64.Build.0 = Debug|x64
		{0E4A01ED-92C0-4A4A-9F17-9E6FC0ACE082}.Debug|x86.ActiveCfg = Debug|Win32
		{0E4A01ED-92C0-4A4A-9F17-9E6FC0ACE082}.Debug|x86.Build.0 = Debug|Win32
		{0E4A01ED-92C0-4A4A-9F17-9E6FC0ACE082}.Release|x64.ActiveCfg = Release|x64
		{0E4A01ED-92C0-4A4A-9F17-9E6FC0ACE082}.Release|x64.Build.0 = Release|x64
		{0E4A01ED-92C0-4A4A-9F17-9E6FC0ACE082}.Release|x86.ActiveCfg = Release|Win32
		{0E4A01ED-92C0-4A4A-9F17-9E6FC0ACE082}.Release|x86.Build.0 = Release|Win32
		{376B7EAF-020E-4682-8E8E-FF90A89E5825}.Debug|x64.ActiveCfg = Debug|x64
		{376B7EAF-020E-4682-8E8E-FF90A89E5825}.Debug|x64.Build.0 = Debug|x64
		{376B7EAF-020E-4682-8E8E-FF90A89E5825}.Debug|x86.ActiveCfg = Debug|Win32
		{376B7EAF-020E-4682-8E8E-FF90A89E5825}.Debug|x86.Build.0 = Debug|Win32
		{376B7EAF-020E-4682-8E8E-FF90A89E5825}.Release|x64.ActiveCfg = Release|x64
		{376B7EAF-020E-4682-8E8E-FF90A89E5825}.Release|x64.Build.0 = Release|x64
		{376B7EAF-020E-4682-8E8E-FF90A89E5825}.Release|x86.ActiveCfg = Release|Win32
		{376B7EAF-020E-4682-8E8E-FF90A89E5825}.Release|x86.Build.0 = Release|Win32
		{1A2F1479-72FD-48E7-B4B7-511889EB4110}.Debug|x64.ActiveCfg = Debug|x64
		{1A2F1479-72FD-48E7-B4B7-511889EB4110}.Debug|x64.Build.0 = Debug|x64
		{1A2F1479-72FD-48E7-B4B7-511889EB4110}.Debug|x86.ActiveCfg = Debug|Win32
		{1A2F1479-72FD-48E7-B4B7-511889EB4110}.Debug|x86.Build.0 = Debug|Win32
		{1A2F1479-72FD-48E7-B4B7-511889EB4110}.Release|x64.ActiveCfg = Release|x64
		{1A2F1479-72FD-48E7-B4B7-511889EB4110}.Release|x64.Build.0 = Release|x64
		{1A2F1479-72FD-48E7-B4B7-511889EB4110}.Release|x86.ActiveCfg = Release|Win32
		{1A2F1479-72FD-48E7-B4B7-511889EB4110}.Release|x86.Build.0 = Release|Win32
		{94F9E842-4283-4005-984A-FB52A56ACA96}.Debug|x64.ActiveCfg = Debug|x64
		{94F9E842-4283-4005-984A-FB52A56ACA96}.Debug|x64.Build.0 = Debug|x64
		{94F9E842-4283-4005-984A-FB52A56ACA96}.Debug|x86.ActiveCfg = Debug|Win32
		{94F9E842-4283-4005-984A-FB52A56ACA96}.Debug|x86.Build.0 = Debug|Win32
		{94F9E842-4283-4005-984A-FB52A56ACA96}.Release|x64.ActiveCfg = Release|x64
		{94F9E842-4283-4005-984A-FB52A56ACA96}.Release|x64.Build.0 = Release|x64
		{94F9E842-4283-4005-984A-FB52A56ACA96}.Release|x86.ActiveCfg = Release|Win32
		{94F9E842-4283-4005-984A-FB52A56ACA96}.Release|x86.Build.0 = Release|Win32
		{CFCEA7EF-D4BE-4AB2-94AA-9A6CA1295AF5}.Debug|x64.ActiveCfg = Debug|x64
		{CFCEA7EF-D4BE-4AB2-94AA-9A6CA1295AF5}.Debug|x64.Build.0 = Debug|x64
		{CFCEA7EF-D4BE-4AB2-94AA-9A6CA1295AF5}.Debug|x86.ActiveCfg = Debug|Win32
		{CFCEA7EF-D4BE-4AB2-94AA-9A6CA1295AF5}.Debug|x86.Build.0 = Debug|Win32
		{CFCEA7EF-D4BE-4AB2-94AA-9A6CA1295AF5}.Release|x64.ActiveCfg = Release|x64
		{CFCEA7EF-D4BE-4AB2-94AA-9A6CA1295AF5}.Release|x64.Build.0 = Release|x64
		{CFCEA7EF-D4BE-4AB2-94AA-9A6CA1295AF5}.Release|x86.ActiveCfg = Release|Win32
		{CFCEA7EF-D4BE-4AB2-94AA-9A6CA1295AF5}.Release|x86.Build.0 = Release|Win32
		{1E0A49C1-42BD-4CF4-A5BF-F8EEC013A637}.Debug|x64.ActiveCfg = Debug|x64
		{1E0A49C1-42BD-4CF4-A5BF-F8EEC013A637}.Debug|x64.Build.0 = Debug|x64
		{1E0A49C1-42BD-4CF4-A5BF-F8EEC013A637}.Debug|x86.ActiveCfg = Debug|Win32
		{1E0A49C1-42BD-4CF4-A5BF-F8EEC013A637}.Debug|x86.Build.0 = Debug|Win32
		{1E0A49C1-42BD-4CF4-A5BF-F8EEC013A637}.Release|x64.ActiveCfg = Release|x64
		{1E0A49C1-42BD-4CF4-A5BF-F8EEC013A637}.Release|x64.Build.0 = Release|x64
		{1E0A49C1-42BD-4CF4-A5BF-F8EEC013A637}.Release|x86.ActiveCfg = Release|Win32
		{1E0A49C1-42BD-4CF4-A5BF-F8EEC013A637}.Release|x86.Build.0 = Release|Win32
		{57116122-1623-450B-B844-4D94D6E817DE}.Debug|x64.ActiveCfg = Debug|x64
		{57116122-1623-450B-B844-4D94D6E817DE}.Debug|x64.Build.0 = Debug|x64
		{57116122-1623-450B-B844-4D94D6E817DE}.Debug|x86.ActiveCfg = Debug|Win32
		{57116122-1623-450B-B844-4D94D6E817DE}.Debug|x86.Build.0 = Debug|Win32
		{57116122-1623-450B-B844-4D94D6E817DE}.Release|x64.ActiveCfg = Release|x64
		{57116122-1623-450B-B844-4D94D6E817DE}.Release|x64.Build.0 = Release|x64
		{57116122-1623-450B-B844-4D94D6E817DE}.Release|x86.ActiveCfg = Release|Win32
		{57116122-1623-450B-B844-4D94D6E817DE}.Release|x86.Build.0 = Release|Win32
	EndGlobalSection
	GlobalSection(SolutionProperties) = preSolution
		HideSolutionNode = FALSE
	EndGlobalSection
	GlobalSection(ExtensibilityGlobals) = postSolution
		SolutionGuid = {90871F20-2737-44C8-A227-E9CAFB165EA5}
	EndGlobalSection
EndGlobal
